
Microsoft Visual Studio Solution File, Format Version 12.00
# Visual Studio Version 16
VisualStudioVersion = 16.0.31624.102
MinimumVisualStudioVersion = 10.0.40219.1
Project("{9A19103F-16F7-4668-BE54-9A1E7A4F7556}") = "SentimentAnalysis", "SentimentAnalysis.csproj", "{517431C0-AC30-4A17-AF57-475CE238F73C}"
EndProject
Global
	GlobalSection(SolutionConfigurationPlatforms) = preSolution
		Debug|Any CPU = Debug|Any CPU
		Release|Any CPU = Release|Any CPU
	EndGlobalSection
	GlobalSection(ProjectConfigurationPlatforms) = postSolution
		{517431C0-AC30-4A17-AF57-475CE238F73C}.Debug|Any CPU.ActiveCfg = Debug|Any CPU
		{517431C0-AC30-4A17-AF57-475CE238F73C}.Debug|Any CPU.Build.0 = Debug|Any CPU
		{517431C0-AC30-4A17-AF57-475CE238F73C}.Release|Any CPU.ActiveCfg = Release|Any CPU
		{517431C0-AC30-4A17-AF57-475CE238F73C}.Release|Any CPU.Build.0 = Release|Any CPU
	EndGlobalSection
	GlobalSection(SolutionProperties) = preSolution
		HideSolutionNode = FALSE
	EndGlobalSection
	GlobalSection(ExtensibilityGlobals) = postSolution
		SolutionGuid = {B7F67933-4890-47E8-83FC-97F9E89AAC19}
	EndGlobalSection
EndGlobal
